
Microsoft Visual Studio Solution File, Format Version 12.00
# Visual Studio Version 17
VisualStudioVersion = 17.5.33414.496
MinimumVisualStudioVersion = 10.0.40219.1
Project("{FAE04EC0-301F-11D3-BF4B-00C04F79EFBC}") = "TonerDeneme2", "TonerDeneme2\TonerDeneme2.csproj", "{3AC8AF98-95D2-4ACC-BC80-7B7D8E10DDFB}"
EndProject
Global
	GlobalSection(SolutionConfigurationPlatforms) = preSolution
		Debug|Any CPU = Debug|Any CPU
		Release|Any CPU = Release|Any CPU
	EndGlobalSection
	GlobalSection(ProjectConfigurationPlatforms) = postSolution
		{3AC8AF98-95D2-4ACC-BC80-7B7D8E10DDFB}.Debug|Any CPU.ActiveCfg = Debug|Any CPU
		{3AC8AF98-95D2-4ACC-BC80-7B7D8E10DDFB}.Debug|Any CPU.Build.0 = Debug|Any CPU
		{3AC8AF98-95D2-4ACC-BC80-7B7D8E10DDFB}.Release|Any CPU.ActiveCfg = Release|Any CPU
		{3AC8AF98-95D2-4ACC-BC80-7B7D8E10DDFB}.Release|Any CPU.Build.0 = Release|Any CPU
	EndGlobalSection
	GlobalSection(SolutionProperties) = preSolution
		HideSolutionNode = FALSE
	EndGlobalSection
	GlobalSection(ExtensibilityGlobals) = postSolution
		SolutionGuid = {E14CE2A8-8420-466C-9724-EF676A9C18A8}
	EndGlobalSection
EndGlobal
